
Microsoft Visual Studio Solution File, Format Version 12.00
# Visual Studio 2012
Project("{8BC9CEB8-8B4A-11D0-8D11-00A0C91BC942}") = "nr elem mai mici ca x", "nr elem mai mici ca x\nr elem mai mici ca x.vcxproj", "{31684509-455B-4BF4-B44E-F0EE7272BEC2}"
EndProject
Global
	GlobalSection(SolutionConfigurationPlatforms) = preSolution
		Debug|Win32 = Debug|Win32
		Release|Win32 = Release|Win32
	EndGlobalSection
	GlobalSection(ProjectConfigurationPlatforms) = postSolution
		{31684509-455B-4BF4-B44E-F0EE7272BEC2}.Debug|Win32.ActiveCfg = Debug|Win32
		{31684509-455B-4BF4-B44E-F0EE7272BEC2}.Debug|Win32.Build.0 = Debug|Win32
		{31684509-455B-4BF4-B44E-F0EE7272BEC2}.Release|Win32.ActiveCfg = Release|Win32
		{31684509-455B-4BF4-B44E-F0EE7272BEC2}.Release|Win32.Build.0 = Release|Win32
	EndGlobalSection
	GlobalSection(SolutionProperties) = preSolution
		HideSolutionNode = FALSE
	EndGlobalSection
EndGlobal
